# This file is automatically @generated by Cargo.
# It is not intended for manual editing.
version = 4

[[package]]
name = "ex01"
version = "0.1.0"

[[package]]
name = "ex02"
version = "0.1.0"

[[package]]
name = "ex03"
version = "0.1.0"

[[package]]
name = "ex04"
version = "0.1.0"

[[package]]
name = "ex05"
version = "0.1.0"

[[package]]
name = "ex06"
version = "0.1.0"

[[package]]
name = "ex07"
version = "0.1.0"

[[package]]
name = "ex08"
version = "0.1.0"

[[package]]
name = "ex09"
version = "0.1.0"

[[package]]
name = "ex10"
version = "0.1.0"

[[package]]
name = "ex11"
version = "0.1.0"

[[package]]
name = "ex12"
version = "0.1.0"

[[package]]
name = "ex13"
version = "0.1.0"

[[package]]
name = "ex14"
version = "0.1.0"

[[package]]
name = "ex15"
version = "0.1.0"

[[package]]
name = "ex16"
version = "0.1.0"

[[package]]
name = "ex17"
version = "0.1.0"

[[package]]
name = "ex18"
version = "0.1.0"

[[package]]
name = "ex19"
version = "0.1.0"

[[package]]
name = "ex20"
version = "0.1.0"

[[package]]
name = "ex21"
version = "0.1.0"

[[package]]
name = "ex22"
version = "0.1.0"

[[package]]
name = "lesson_01"
version = "0.1.0"

[[package]]
name = "lesson_02"
version = "0.1.0"

[[package]]
name = "lesson_03"
version = "0.1.0"

[[package]]
name = "lesson_04"
version = "0.1.0"

[[package]]
name = "lesson_05"
version = "0.1.0"

[[package]]
name = "lesson_06"
version = "0.1.0"

[[package]]
name = "lesson_07"
version = "0.1.0"

[[package]]
name = "lesson_08"
version = "0.1.0"

[[package]]
name = "mini_project_01"
version = "0.1.0"

[[package]]
name = "mini_project_02"
version = "0.1.0"

[[package]]
name = "mini_project_03"
version = "0.1.0"

[[package]]
name = "mini_project_04"
version = "0.1.0"

[[package]]
name = "mini_project_05"
version = "0.1.0"

[[package]]
name = "mini_project_06"
version = "0.1.0"

[[package]]
name = "mini_project_07"
version = "0.1.0"

[[package]]
name = "mini_task_01"
version = "0.1.0"

[[package]]
name = "problem_01"
version = "0.1.0"

[[package]]
name = "problem_02"
version = "0.1.0"

[[package]]
name = "problem_03"
version = "0.1.0"

[[package]]
name = "problem_04"
version = "0.1.0"

[[package]]
name = "problem_05"
version = "0.1.0"

[[package]]
name = "problem_06"
version = "0.1.0"

[[package]]
name = "problem_07"
version = "0.1.0"

[[package]]
name = "problem_08"
version = "0.1.0"

[[package]]
name = "problem_09"
version = "0.1.0"

[[package]]
name = "problem_10"
version = "0.1.0"

[[package]]
name = "problem_11"
version = "0.1.0"

[[package]]
name = "problem_12"
version = "0.1.0"

[[package]]
name = "problem_13"
version = "0.1.0"

[[package]]
name = "problem_14"
version = "0.1.0"

[[package]]
name = "problem_15"
version = "0.1.0"

[[package]]
name = "problem_16"
version = "0.1.0"

[[package]]
name = "problem_17"
version = "0.1.0"

[[package]]
name = "problem_18"
version = "0.1.0"

[[package]]
name = "problem_19"
version = "0.1.0"

[[package]]
name = "problem_20"
version = "0.1.0"

[[package]]
name = "problem_21"
version = "0.1.0"
