# This file is automatically @generated by Cargo.
# It is not intended for manual editing.
version = 4

[[package]]
name = "ex01"
version = "0.1.0"

[[package]]
name = "ex02"
version = "0.1.0"

[[package]]
name = "ex03"
version = "0.1.0"

[[package]]
name = "ex04"
version = "0.1.0"

[[package]]
name = "ex05"
version = "0.1.0"

[[package]]
name = "ex06"
version = "0.1.0"

[[package]]
name = "lesson_01"
version = "0.1.0"

[[package]]
name = "lesson_02"
version = "0.1.0"

[[package]]
name = "lesson_03"
version = "0.1.0"

[[package]]
name = "mini_project_01"
version = "0.1.0"

[[package]]
name = "mini_project_02"
version = "0.1.0"
